# THIS IS AN AUTOGENERATED FILE. DO NOT EDIT THIS FILE DIRECTLY.
# yarn lockfile v1


bootstrap@^4.1.3:
  version "4.1.3"
  resolved "https://registry.yarnpkg.com/bootstrap/-/bootstrap-4.1.3.tgz#0eb371af2c8448e8c210411d0cb824a6409a12be"

jquery@^3.3.1:
  version "3.3.1"
  resolved "https://registry.yarnpkg.com/jquery/-/jquery-3.3.1.tgz#958ce29e81c9790f31be7792df5d4d95fc57fbca"

leaflet.gridlayer.googlemutant@^0.7.0:
  version "0.7.0"
  resolved "https://registry.yarnpkg.com/leaflet.gridlayer.googlemutant/-/leaflet.gridlayer.googlemutant-0.7.0.tgz#cd64dd0e33720fb44ac8d3e13a11c44a72843d28"

leaflet.markercluster@^1.4.1:
  version "1.4.1"
  resolved "https://registry.yarnpkg.com/leaflet.markercluster/-/leaflet.markercluster-1.4.1.tgz#b53f2c4f2ca7306ddab1dbb6f1861d5e8aa6c5e5"

leaflet@^1.3.4:
  version "1.3.4"
  resolved "https://registry.yarnpkg.com/leaflet/-/leaflet-1.3.4.tgz#7f006ea5832603b53d7269ef5c595fd773060a40"

popper.js@^1.14.4:
  version "1.14.4"
  resolved "https://registry.yarnpkg.com/popper.js/-/popper.js-1.14.4.tgz#8eec1d8ff02a5a3a152dd43414a15c7b79fd69b6"
