# THIS IS AN AUTOGENERATED FILE. DO NOT EDIT THIS FILE DIRECTLY.
# yarn lockfile v1


animate.css@^3.7.0:
  version "3.7.2"
  resolved "https://registry.yarnpkg.com/animate.css/-/animate.css-3.7.2.tgz#e73e0d50e92cb1cfef1597d9b38a9481020e08ea"
  integrity sha512-0bE8zYo7C0KvgOYrSVfrzkbYk6IOTVPNqkiHg2cbyF4Pq/PXzilz4BRWA3hwEUBoMp5VBgrC29lQIZyhRWdBTw==

bootstrap4-notify@^4.0.3:
  version "4.0.3"
  resolved "https://registry.yarnpkg.com/bootstrap4-notify/-/bootstrap4-notify-4.0.3.tgz#9a99ac8c7ab8e9d96196b30e341876ffdaa3c65b"
  integrity sha512-WopJYixeH22gbGswC57pLODS5sY9grNlb/Uu7C8mrWm1NRxz64n4FrfCILaOX3n4egoZ54J7kGB6Anl5AiZSqA==

bootstrap@^4.6.0:
  version "4.6.0"
  resolved "https://registry.yarnpkg.com/bootstrap/-/bootstrap-4.6.0.tgz#97b9f29ac98f98dfa43bf7468262d84392552fd7"
  integrity sha512-Io55IuQY3kydzHtbGvQya3H+KorS/M9rSNyfCGCg9WZ4pyT/lCxIlpJgG1GXW/PswzC84Tr2fBYi+7+jFVQQBw==

bs-custom-file-input@^1.3.2:
  version "1.3.4"
  resolved "https://registry.yarnpkg.com/bs-custom-file-input/-/bs-custom-file-input-1.3.4.tgz#c275cb8d4f1c02ba026324292509fa9a747dbda8"
  integrity sha512-NBsQzTnef3OW1MvdKBbMHAYHssCd613MSeJV7z2McXznWtVMnJCy7Ckyc+PwxV6Pk16cu6YBcYWh/ZE0XWNKCA==

jquery@^3.5.0:
  version "3.6.0"
  resolved "https://registry.yarnpkg.com/jquery/-/jquery-3.6.0.tgz#c72a09f15c1bdce142f49dbf1170bdf8adac2470"
  integrity sha512-JVzAR/AjBvVt2BmYhxRCSYysDsPcssdmTFnzyLEts9qNwmjmu4JTAMYubEfwVOSwpQ1I1sKKFcxhZCI2buerfw==

leaflet.gridlayer.googlemutant@^0.13.4:
  version "0.13.4"
  resolved "https://registry.yarnpkg.com/leaflet.gridlayer.googlemutant/-/leaflet.gridlayer.googlemutant-0.13.4.tgz#0add37d240c70c999e1f1d341208e6fea2372c40"
  integrity sha512-oC6xUSFJ9HP4WIupXakgiYckdBHuHQeSaxTXsVlcvcpfsuYoJ/HFIrz1bmK4Qr/qKO4fY1MDM6AoewU7Bph8ZQ==

leaflet.markercluster@^1.4.1:
  version "1.5.3"
  resolved "https://registry.yarnpkg.com/leaflet.markercluster/-/leaflet.markercluster-1.5.3.tgz#9cdb52a4eab92671832e1ef9899669e80efc4056"
  integrity sha512-vPTw/Bndq7eQHjLBVlWpnGeLa3t+3zGiuM7fJwCkiMFq+nmRuG3RI3f7f4N4TDX7T4NpbAXpR2+NTRSEGfCSeA==

leaflet@^1.3.4:
  version "1.7.1"
  resolved "https://registry.yarnpkg.com/leaflet/-/leaflet-1.7.1.tgz#10d684916edfe1bf41d688a3b97127c0322a2a19"
  integrity sha512-/xwPEBidtg69Q3HlqPdU3DnrXQOvQU/CCHA1tcDQVzOwm91YMYaILjNp7L4Eaw5Z4sOYdbBz6koWyibppd8Zqw==

popper.js@^1.14.4:
  version "1.16.1"
  resolved "https://registry.yarnpkg.com/popper.js/-/popper.js-1.16.1.tgz#2a223cb3dc7b6213d740e40372be40de43e65b1b"
  integrity sha512-Wb4p1J4zyFTbM+u6WuO4XstYx4Ky9Cewe4DWrel7B0w6VVICvPwdOpotjzcf6eD8TsckVnIMNONQyPIUFOUbCQ==
